// !$*UTF8*$!
{
	archiveVersion = 1;
	classes = {
	};
	objectVersion = 46;
	objects = {

/* Begin PBXBuildFile section */
		C609C1691D720E3800BAAF76 /* AppDelegate.swift in Sources */ = {isa = PBXBuildFile; fileRef = C609C1681D720E3800BAAF76 /* AppDelegate.swift */; };
		C609C16B1D720E3800BAAF76 /* ViewController.swift in Sources */ = {isa = PBXBuildFile; fileRef = C609C16A1D720E3800BAAF76 /* ViewController.swift */; };
		C609C16E1D720E3800BAAF76 /* Main.storyboard in Resources */ = {isa = PBXBuildFile; fileRef = C609C16C1D720E3800BAAF76 /* Main.storyboard */; };
		C609C1701D720E3800BAAF76 /* Assets.xcassets in Resources */ = {isa = PBXBuildFile; fileRef = C609C16F1D720E3800BAAF76 /* Assets.xcassets */; };
		C609C1731D720E3800BAAF76 /* LaunchScreen.storyboard in Resources */ = {isa = PBXBuildFile; fileRef = C609C1711D720E3800BAAF76 /* LaunchScreen.storyboard */; };
		C64494EF1D74BC5E004C9AF5 /* Meme.swift in Sources */ = {isa = PBXBuildFile; fileRef = C64494EE1D74BC5E004C9AF5 /* Meme.swift */; };
		C6BC3A7E1D79725D008A1A2F /* MemesCollectionViewController.swift in Sources */ = {isa = PBXBuildFile; fileRef = C6BC3A7D1D79725D008A1A2F /* MemesCollectionViewController.swift */; };
		C6BC3A801D797363008A1A2F /* CollectionViewCell.swift in Sources */ = {isa = PBXBuildFile; fileRef = C6BC3A7F1D797363008A1A2F /* CollectionViewCell.swift */; };
		C6E72E9E1D76106E00893692 /* TableViewController.swift in Sources */ = {isa = PBXBuildFile; fileRef = C6E72E9D1D76106E00893692 /* TableViewController.swift */; };
		C6E72EA01D76113900893692 /* TableViewCustomCell.swift in Sources */ = {isa = PBXBuildFile; fileRef = C6E72E9F1D76113900893692 /* TableViewCustomCell.swift */; };
/* End PBXBuildFile section */

/* Begin PBXFileReference section */
		C609C1651D720E3800BAAF76 /* Image Picker Training.app */ = {isa = PBXFileReference; explicitFileType = wrapper.application; includeInIndex = 0; path = "Image Picker Training.app"; sourceTree = BUILT_PRODUCTS_DIR; };
		C609C1681D720E3800BAAF76 /* AppDelegate.swift */ = {isa = PBXFileReference; lastKnownFileType = sourcecode.swift; path = AppDelegate.swift; sourceTree = "<group>"; };
		C609C16A1D720E3800BAAF76 /* ViewController.swift */ = {isa = PBXFileReference; lastKnownFileType = sourcecode.swift; path = ViewController.swift; sourceTree = "<group>"; };
		C609C16D1D720E3800BAAF76 /* Base */ = {isa = PBXFileReference; lastKnownFileType = file.storyboard; name = Base; path = Base.lproj/Main.storyboard; sourceTree = "<group>"; };
		C609C16F1D720E3800BAAF76 /* Assets.xcassets */ = {isa = PBXFileReference; lastKnownFileType = folder.assetcatalog; path = Assets.xcassets; sourceTree = "<group>"; };
		C609C1721D720E3800BAAF76 /* Base */ = {isa = PBXFileReference; lastKnownFileType = file.storyboard; name = Base; path = Base.lproj/LaunchScreen.storyboard; sourceTree = "<group>"; };
		C609C1741D720E3800BAAF76 /* Info.plist */ = {isa = PBXFileReference; lastKnownFileType = text.plist.xml; path = Info.plist; sourceTree = "<group>"; };
		C64494EE1D74BC5E004C9AF5 /* Meme.swift */ = {isa = PBXFileReference; fileEncoding = 4; lastKnownFileType = sourcecode.swift; path = Meme.swift; sourceTree = "<group>"; };
		C6BC3A7D1D79725D008A1A2F /* MemesCollectionViewController.swift */ = {isa = PBXFileReference; fileEncoding = 4; lastKnownFileType = sourcecode.swift; path = MemesCollectionViewController.swift; sourceTree = "<group>"; };
		C6BC3A7F1D797363008A1A2F /* CollectionViewCell.swift */ = {isa = PBXFileReference; fileEncoding = 4; lastKnownFileType = sourcecode.swift; path = CollectionViewCell.swift; sourceTree = "<group>"; };
		C6E72E9D1D76106E00893692 /* TableViewController.swift */ = {isa = PBXFileReference; fileEncoding = 4; lastKnownFileType = sourcecode.swift; path = TableViewController.swift; sourceTree = "<group>"; };
		C6E72E9F1D76113900893692 /* TableViewCustomCell.swift */ = {isa = PBXFileReference; fileEncoding = 4; lastKnownFileType = sourcecode.swift; path = TableViewCustomCell.swift; sourceTree = "<group>"; };
/* End PBXFileReference section */

/* Begin PBXFrameworksBuildPhase section */
		C609C1621D720E3800BAAF76 /* Frameworks */ = {
			isa = PBXFrameworksBuildPhase;
			buildActionMask = 2147483647;
			files = (
			);
			runOnlyForDeploymentPostprocessing = 0;
		};
/* End PBXFrameworksBuildPhase section */

/* Begin PBXGroup section */
		C609C15C1D720E3800BAAF76 = {
			isa = PBXGroup;
			children = (
				C609C1671D720E3800BAAF76 /* Image Picker Training */,
				C609C1661D720E3800BAAF76 /* Products */,
			);
			sourceTree = "<group>";
		};
		C609C1661D720E3800BAAF76 /* Products */ = {
			isa = PBXGroup;
			children = (
				C609C1651D720E3800BAAF76 /* Image Picker Training.app */,
			);
			name = Products;
			sourceTree = "<group>";
		};
		C609C1671D720E3800BAAF76 /* Image Picker Training */ = {
			isa = PBXGroup;
			children = (
				C6881F6B1D78C42000D6E32A /* Controller */,
				C6881F6A1D78C41A00D6E32A /* View */,
				C6881F691D78C41100D6E32A /* Model */,
				C609C1681D720E3800BAAF76 /* AppDelegate.swift */,
				C609C16C1D720E3800BAAF76 /* Main.storyboard */,
				C609C16F1D720E3800BAAF76 /* Assets.xcassets */,
				C609C1711D720E3800BAAF76 /* LaunchScreen.storyboard */,
				C609C1741D720E3800BAAF76 /* Info.plist */,
			);
			path = "Image Picker Training";
			sourceTree = "<group>";
		};
		C6881F691D78C41100D6E32A /* Model */ = {
			isa = PBXGroup;
			children = (
				C64494EE1D74BC5E004C9AF5 /* Meme.swift */,
			);
			name = Model;
			sourceTree = "<group>";
		};
		C6881F6A1D78C41A00D6E32A /* View */ = {
			isa = PBXGroup;
			children = (
				C6E72E9F1D76113900893692 /* TableViewCustomCell.swift */,
				C6BC3A7F1D797363008A1A2F /* CollectionViewCell.swift */,
			);
			name = View;
			sourceTree = "<group>";
		};
		C6881F6B1D78C42000D6E32A /* Controller */ = {
			isa = PBXGroup;
			children = (
				C609C16A1D720E3800BAAF76 /* ViewController.swift */,
				C6BC3A7D1D79725D008A1A2F /* MemesCollectionViewController.swift */,
				C6E72E9D1D76106E00893692 /* TableViewController.swift */,
			);
			name = Controller;
			sourceTree = "<group>";
		};
/* End PBXGroup section */

/* Begin PBXNativeTarget section */
		C609C1641D720E3800BAAF76 /* Image Picker Training */ = {
			isa = PBXNativeTarget;
			buildConfigurationList = C609C1771D720E3800BAAF76 /* Build configuration list for PBXNativeTarget "Image Picker Training" */;
			buildPhases = (
				C609C1611D720E3800BAAF76 /* Sources */,
				C609C1621D720E3800BAAF76 /* Frameworks */,
				C609C1631D720E3800BAAF76 /* Resources */,
			);
			buildRules = (
			);
			dependencies = (
			);
			name = "Image Picker Training";
			productName = "Image Picker Training";
			productReference = C609C1651D720E3800BAAF76 /* Image Picker Training.app */;
			productType = "com.apple.product-type.application";
		};
/* End PBXNativeTarget section */

/* Begin PBXProject section */
		C609C15D1D720E3800BAAF76 /* Project object */ = {
			isa = PBXProject;
			attributes = {
				LastSwiftUpdateCheck = 0730;
				LastUpgradeCheck = 0730;
				ORGANIZATIONNAME = "Ajay Mann";
				TargetAttributes = {
					C609C1641D720E3800BAAF76 = {
						CreatedOnToolsVersion = 7.3.1;
						DevelopmentTeam = A26X592M5J;
					};
				};
			};
			buildConfigurationList = C609C1601D720E3800BAAF76 /* Build configuration list for PBXProject "Image Picker Training" */;
			compatibilityVersion = "Xcode 3.2";
			developmentRegion = English;
			hasScannedForEncodings = 0;
			knownRegions = (
				en,
				Base,
			);
			mainGroup = C609C15C1D720E3800BAAF76;
			productRefGroup = C609C1661D720E3800BAAF76 /* Products */;
			projectDirPath = "";
			projectRoot = "";
			targets = (
				C609C1641D720E3800BAAF76 /* Image Picker Training */,
			);
		};
/* End PBXProject section */

/* Begin PBXResourcesBuildPhase section */
		C609C1631D720E3800BAAF76 /* Resources */ = {
			isa = PBXResourcesBuildPhase;
			buildActionMask = 2147483647;
			files = (
				C609C1731D720E3800BAAF76 /* LaunchScreen.storyboard in Resources */,
				C609C1701D720E3800BAAF76 /* Assets.xcassets in Resources */,
				C609C16E1D720E3800BAAF76 /* Main.storyboard in Resources */,
			);
			runOnlyForDeploymentPostprocessing = 0;
		};
/* End PBXResourcesBuildPhase section */

/* Begin PBXSourcesBuildPhase section */
		C609C1611D720E3800BAAF76 /* Sources */ = {
			isa = PBXSourcesBuildPhase;
			buildActionMask = 2147483647;
			files = (
				C6BC3A7E1D79725D008A1A2F /* MemesCollectionViewController.swift in Sources */,
				C64494EF1D74BC5E004C9AF5 /* Meme.swift in Sources */,
				C609C16B1D720E3800BAAF76 /* ViewController.swift in Sources */,
				C6BC3A801D797363008A1A2F /* CollectionViewCell.swift in Sources */,
				C609C1691D720E3800BAAF76 /* AppDelegate.swift in Sources */,
				C6E72E9E1D76106E00893692 /* TableViewController.swift in Sources */,
				C6E72EA01D76113900893692 /* TableViewCustomCell.swift in Sources */,
			);
			runOnlyForDeploymentPostprocessing = 0;
		};
/* End PBXSourcesBuildPhase section */

/* Begin PBXVariantGroup section */
		C609C16C1D720E3800BAAF76 /* Main.storyboard */ = {
			isa = PBXVariantGroup;
			children = (
				C609C16D1D720E3800BAAF76 /* Base */,
			);
			name = Main.storyboard;
			sourceTree = "<group>";
		};
		C609C1711D720E3800BAAF76 /* LaunchScreen.storyboard */ = {
			isa = PBXVariantGroup;
			children = (
				C609C1721D720E3800BAAF76 /* Base */,
			);
			name = LaunchScreen.storyboard;
			sourceTree = "<group>";
		};
/* End PBXVariantGroup section */

/* Begin XCBuildConfiguration section */
		C609C1751D720E3800BAAF76 /* Debug */ = {
			isa = XCBuildConfiguration;
			buildSettings = {
				ALWAYS_SEARCH_USER_PATHS = NO;
				CLANG_ANALYZER_NONNULL = YES;
				CLANG_CXX_LANGUAGE_STANDARD = "gnu++0x";
				CLANG_CXX_LIBRARY = "libc++";
				CLANG_ENABLE_MODULES = YES;
				CLANG_ENABLE_OBJC_ARC = YES;
				CLANG_WARN_BOOL_CONVERSION = YES;
				CLANG_WARN_CONSTANT_CONVERSION = YES;
				CLANG_WARN_DIRECT_OBJC_ISA_USAGE = YES_ERROR;
				CLANG_WARN_EMPTY_BODY = YES;
				CLANG_WARN_ENUM_CONVERSION = YES;
				CLANG_WARN_INT_CONVERSION = YES;
				CLANG_WARN_OBJC_ROOT_CLASS = YES_ERROR;
				CLANG_WARN_UNREACHABLE_CODE = YES;
				CLANG_WARN__DUPLICATE_METHOD_MATCH = YES;
				"CODE_SIGN_IDENTITY[sdk=iphoneos*]" = "iPhone Developer";
				COPY_PHASE_STRIP = NO;
				DEBUG_INFORMATION_FORMAT = dwarf;
				ENABLE_STRICT_OBJC_MSGSEND = YES;
				ENABLE_TESTABILITY = YES;
				GCC_C_LANGUAGE_STANDARD = gnu99;
				GCC_DYNAMIC_NO_PIC = NO;
				GCC_NO_COMMON_BLOCKS = YES;
				GCC_OPTIMIZATION_LEVEL = 0;
				GCC_PREPROCESSOR_DEFINITIONS = (
					"DEBUG=1",
					"$(inherited)",
				);
				GCC_WARN_64_TO_32_BIT_CONVERSION = YES;
				GCC_WARN_ABOUT_RETURN_TYPE = YES_ERROR;
				GCC_WARN_UNDECLARED_SELECTOR = YES;
				GCC_WARN_UNINITIALIZED_AUTOS = YES_AGGRESSIVE;
				GCC_WARN_UNUSED_FUNCTION = YES;
				GCC_WARN_UNUSED_VARIABLE = YES;
				IPHONEOS_DEPLOYMENT_TARGET = 9.3;
				MTL_ENABLE_DEBUG_INFO = YES;
				ONLY_ACTIVE_ARCH = YES;
				SDKROOT = iphoneos;
				SWIFT_OPTIMIZATION_LEVEL = "-Onone";
				TARGETED_DEVICE_FAMILY = "1,2";
			};
			name = Debug;
		};
		C609C1761D720E3800BAAF76 /* Release */ = {
			isa = XCBuildConfiguration;
			buildSettings = {
				ALWAYS_SEARCH_USER_PATHS = NO;
				CLANG_ANALYZER_NONNULL = YES;
				CLANG_CXX_LANGUAGE_STANDARD = "gnu++0x";
				CLANG_CXX_LIBRARY = "libc++";
				CLANG_ENABLE_MODULES = YES;
				CLANG_ENABLE_OBJC_ARC = YES;
				CLANG_WARN_BOOL_CONVERSION = YES;
				CLANG_WARN_CONSTANT_CONVERSION = YES;
				CLANG_WARN_DIRECT_OBJC_ISA_USAGE = YES_ERROR;
				CLANG_WARN_EMPTY_BODY = YES;
				CLANG_WARN_ENUM_CONVERSION = YES;
				CLANG_WARN_INT_CONVERSION = YES;
				CLANG_WARN_OBJC_ROOT_CLASS = YES_ERROR;
				CLANG_WARN_UNREACHABLE_CODE = YES;
				CLANG_WARN__DUPLICATE_METHOD_MATCH = YES;
				"CODE_SIGN_IDENTITY[sdk=iphoneos*]" = "iPhone Developer";
				COPY_PHASE_STRIP = NO;
				DEBUG_INFORMATION_FORMAT = "dwarf-with-dsym";
				ENABLE_NS_ASSERTIONS = NO;
				ENABLE_STRICT_OBJC_MSGSEND = YES;
				GCC_C_LANGUAGE_STANDARD = gnu99;
				GCC_NO_COMMON_BLOCKS = YES;
				GCC_WARN_64_TO_32_BIT_CONVERSION = YES;
				GCC_WARN_ABOUT_RETURN_TYPE = YES_ERROR;
				GCC_WARN_UNDECLARED_SELECTOR = YES;
				GCC_WARN_UNINITIALIZED_AUTOS = YES_AGGRESSIVE;
				GCC_WARN_UNUSED_FUNCTION = YES;
				GCC_WARN_UNUSED_VARIABLE = YES;
				IPHONEOS_DEPLOYMENT_TARGET = 9.3;
				MTL_ENABLE_DEBUG_INFO = NO;
				SDKROOT = iphoneos;
				TARGETED_DEVICE_FAMILY = "1,2";
				VALIDATE_PRODUCT = YES;
			};
			name = Release;
		};
		C609C1781D720E3800BAAF76 /* Debug */ = {
			isa = XCBuildConfiguration;
			buildSettings = {
				ASSETCATALOG_COMPILER_APPICON_NAME = AppIcon;
				CODE_SIGN_IDENTITY = "iPhone Developer";
				"CODE_SIGN_IDENTITY[sdk=iphoneos*]" = "iPhone Developer";
				INFOPLIST_FILE = "Image Picker Training/Info.plist";
				LD_RUNPATH_SEARCH_PATHS = "$(inherited) @executable_path/Frameworks";
				PRODUCT_BUNDLE_IDENTIFIER = "xyz.ajaymann.Image-Picker-Training";
				PRODUCT_NAME = "$(TARGET_NAME)";
				PROVISIONING_PROFILE = "";
			};
			name = Debug;
		};
		C609C1791D720E3800BAAF76 /* Release */ = {
			isa = XCBuildConfiguration;
			buildSettings = {
				ASSETCATALOG_COMPILER_APPICON_NAME = AppIcon;
				CODE_SIGN_IDENTITY = "iPhone Developer";
				"CODE_SIGN_IDENTITY[sdk=iphoneos*]" = "iPhone Developer";
				INFOPLIST_FILE = "Image Picker Training/Info.plist";
				LD_RUNPATH_SEARCH_PATHS = "$(inherited) @executable_path/Frameworks";
				PRODUCT_BUNDLE_IDENTIFIER = "xyz.ajaymann.Image-Picker-Training";
				PRODUCT_NAME = "$(TARGET_NAME)";
				PROVISIONING_PROFILE = "";
			};
			name = Release;
		};
/* End XCBuildConfiguration section */

/* Begin XCConfigurationList section */
		C609C1601D720E3800BAAF76 /* Build configuration list for PBXProject "Image Picker Training" */ = {
			isa = XCConfigurationList;
			buildConfigurations = (
				C609C1751D720E3800BAAF76 /* Debug */,
				C609C1761D720E3800BAAF76 /* Release */,
			);
			defaultConfigurationIsVisible = 0;
			defaultConfigurationName = Release;
		};
		C609C1771D720E3800BAAF76 /* Build configuration list for PBXNativeTarget "Image Picker Training" */ = {
			isa = XCConfigurationList;
			buildConfigurations = (
				C609C1781D720E3800BAAF76 /* Debug */,
				C609C1791D720E3800BAAF76 /* Release */,
			);
			defaultConfigurationIsVisible = 0;
			defaultConfigurationName = Release;
		};
/* End XCConfigurationList section */
	};
	rootObject = C609C15D1D720E3800BAAF76 /* Project object */;
}
